// !$*UTF8*$!
{
	archiveVersion = 1;
	classes = {
	};
	objectVersion = 56;
	objects = {

/* Begin PBXBuildFile section */
		072CEF04298E67AC00A436B8 /* AppDelegate.swift in Sources */ = {isa = PBXBuildFile; fileRef = 072CEF03298E67AC00A436B8 /* AppDelegate.swift */; };
		072CEF06298E67AC00A436B8 /* SceneDelegate.swift in Sources */ = {isa = PBXBuildFile; fileRef = 072CEF05298E67AC00A436B8 /* SceneDelegate.swift */; };
		072CEF08298E67AC00A436B8 /* ViewController.swift in Sources */ = {isa = PBXBuildFile; fileRef = 072CEF07298E67AC00A436B8 /* ViewController.swift */; };
		072CEF0B298E67AC00A436B8 /* Main.storyboard in Resources */ = {isa = PBXBuildFile; fileRef = 072CEF09298E67AC00A436B8 /* Main.storyboard */; };
		072CEF0D298E67AD00A436B8 /* Assets.xcassets in Resources */ = {isa = PBXBuildFile; fileRef = 072CEF0C298E67AD00A436B8 /* Assets.xcassets */; };
		072CEF10298E67AD00A436B8 /* LaunchScreen.storyboard in Resources */ = {isa = PBXBuildFile; fileRef = 072CEF0E298E67AD00A436B8 /* LaunchScreen.storyboard */; };
		072CEF2A298E68C400A436B8 /* Poppins-Thin.ttf in Resources */ = {isa = PBXBuildFile; fileRef = 072CEF18298E68C400A436B8 /* Poppins-Thin.ttf */; };
		072CEF2B298E68C400A436B8 /* Poppins-Medium.ttf in Resources */ = {isa = PBXBuildFile; fileRef = 072CEF19298E68C400A436B8 /* Poppins-Medium.ttf */; };
		072CEF2C298E68C400A436B8 /* Poppins-Italic.ttf in Resources */ = {isa = PBXBuildFile; fileRef = 072CEF1A298E68C400A436B8 /* Poppins-Italic.ttf */; };
		072CEF2D298E68C400A436B8 /* Poppins-BlackItalic.ttf in Resources */ = {isa = PBXBuildFile; fileRef = 072CEF1B298E68C400A436B8 /* Poppins-BlackItalic.ttf */; };
		072CEF2E298E68C400A436B8 /* Poppins-Bold.ttf in Resources */ = {isa = PBXBuildFile; fileRef = 072CEF1C298E68C400A436B8 /* Poppins-Bold.ttf */; };
		072CEF2F298E68C400A436B8 /* Poppins-ExtraLight.ttf in Resources */ = {isa = PBXBuildFile; fileRef = 072CEF1D298E68C400A436B8 /* Poppins-ExtraLight.ttf */; };
		072CEF30298E68C400A436B8 /* Poppins-SemiBoldItalic.ttf in Resources */ = {isa = PBXBuildFile; fileRef = 072CEF1E298E68C400A436B8 /* Poppins-SemiBoldItalic.ttf */; };
		072CEF31298E68C400A436B8 /* Poppins-Black.ttf in Resources */ = {isa = PBXBuildFile; fileRef = 072CEF1F298E68C400A436B8 /* Poppins-Black.ttf */; };
		072CEF32298E68C400A436B8 /* Poppins-Light.ttf in Resources */ = {isa = PBXBuildFile; fileRef = 072CEF20298E68C400A436B8 /* Poppins-Light.ttf */; };
		072CEF33298E68C400A436B8 /* Poppins-Regular.ttf in Resources */ = {isa = PBXBuildFile; fileRef = 072CEF21298E68C400A436B8 /* Poppins-Regular.ttf */; };
		072CEF34298E68C400A436B8 /* Poppins-ExtraLightItalic.ttf in Resources */ = {isa = PBXBuildFile; fileRef = 072CEF22298E68C400A436B8 /* Poppins-ExtraLightItalic.ttf */; };
		072CEF35298E68C400A436B8 /* Poppins-ThinItalic.ttf in Resources */ = {isa = PBXBuildFile; fileRef = 072CEF23298E68C400A436B8 /* Poppins-ThinItalic.ttf */; };
		072CEF36298E68C400A436B8 /* Poppins-ExtraBoldItalic.ttf in Resources */ = {isa = PBXBuildFile; fileRef = 072CEF24298E68C400A436B8 /* Poppins-ExtraBoldItalic.ttf */; };
		072CEF37298E68C400A436B8 /* Poppins-ExtraBold.ttf in Resources */ = {isa = PBXBuildFile; fileRef = 072CEF25298E68C400A436B8 /* Poppins-ExtraBold.ttf */; };
		072CEF38298E68C400A436B8 /* Poppins-SemiBold.ttf in Resources */ = {isa = PBXBuildFile; fileRef = 072CEF26298E68C400A436B8 /* Poppins-SemiBold.ttf */; };
		072CEF39298E68C400A436B8 /* Poppins-BoldItalic.ttf in Resources */ = {isa = PBXBuildFile; fileRef = 072CEF27298E68C400A436B8 /* Poppins-BoldItalic.ttf */; };
		072CEF3A298E68C400A436B8 /* Poppins-MediumItalic.ttf in Resources */ = {isa = PBXBuildFile; fileRef = 072CEF28298E68C400A436B8 /* Poppins-MediumItalic.ttf */; };
		072CEF3B298E68C400A436B8 /* Poppins-LightItalic.ttf in Resources */ = {isa = PBXBuildFile; fileRef = 072CEF29298E68C400A436B8 /* Poppins-LightItalic.ttf */; };
		072CEF3D298E68DD00A436B8 /* SUITitleText.swift in Sources */ = {isa = PBXBuildFile; fileRef = 072CEF3C298E68DD00A436B8 /* SUITitleText.swift */; };
		072CEF42298F9E9500A436B8 /* TitleText.swift in Sources */ = {isa = PBXBuildFile; fileRef = 072CEF41298F9E9500A436B8 /* TitleText.swift */; };
		6951FD0829956365001CAFB5 /* BodyText.swift in Sources */ = {isa = PBXBuildFile; fileRef = 6951FD0729956365001CAFB5 /* BodyText.swift */; };
		6951FD0C29956519001CAFB5 /* Color.swift in Sources */ = {isa = PBXBuildFile; fileRef = 6951FD0B29956519001CAFB5 /* Color.swift */; };
		6951FD0E299565A6001CAFB5 /* Font.swift in Sources */ = {isa = PBXBuildFile; fileRef = 6951FD0D299565A6001CAFB5 /* Font.swift */; };
		6951FD1229956743001CAFB5 /* SUIBodyText.swift in Sources */ = {isa = PBXBuildFile; fileRef = 6951FD1129956743001CAFB5 /* SUIBodyText.swift */; };
		6951FD182996D3A5001CAFB5 /* SubtitleText.swift in Sources */ = {isa = PBXBuildFile; fileRef = 6951FD172996D3A5001CAFB5 /* SubtitleText.swift */; };
		6951FD1C299A66C2001CAFB5 /* SUISubtitleText.swift in Sources */ = {isa = PBXBuildFile; fileRef = 6951FD1B299A66C2001CAFB5 /* SUISubtitleText.swift */; };
		6951FD98299E6883001CAFB5 /* PillButton.swift in Sources */ = {isa = PBXBuildFile; fileRef = 6951FD97299E6883001CAFB5 /* PillButton.swift */; };
		6951FD9C299E821C001CAFB5 /* CancelButton.swift in Sources */ = {isa = PBXBuildFile; fileRef = 6951FD9B299E821C001CAFB5 /* CancelButton.swift */; };
/* End PBXBuildFile section */

/* Begin PBXFileReference section */
		072CEF00298E67AC00A436B8 /* AtomicDesign.app */ = {isa = PBXFileReference; explicitFileType = wrapper.application; includeInIndex = 0; path = AtomicDesign.app; sourceTree = BUILT_PRODUCTS_DIR; };
		072CEF03298E67AC00A436B8 /* AppDelegate.swift */ = {isa = PBXFileReference; lastKnownFileType = sourcecode.swift; path = AppDelegate.swift; sourceTree = "<group>"; };
		072CEF05298E67AC00A436B8 /* SceneDelegate.swift */ = {isa = PBXFileReference; lastKnownFileType = sourcecode.swift; path = SceneDelegate.swift; sourceTree = "<group>"; };
		072CEF07298E67AC00A436B8 /* ViewController.swift */ = {isa = PBXFileReference; lastKnownFileType = sourcecode.swift; path = ViewController.swift; sourceTree = "<group>"; };
		072CEF0A298E67AC00A436B8 /* Base */ = {isa = PBXFileReference; lastKnownFileType = file.storyboard; name = Base; path = Base.lproj/Main.storyboard; sourceTree = "<group>"; };
		072CEF0C298E67AD00A436B8 /* Assets.xcassets */ = {isa = PBXFileReference; lastKnownFileType = folder.assetcatalog; path = Assets.xcassets; sourceTree = "<group>"; };
		072CEF0F298E67AD00A436B8 /* Base */ = {isa = PBXFileReference; lastKnownFileType = file.storyboard; name = Base; path = Base.lproj/LaunchScreen.storyboard; sourceTree = "<group>"; };
		072CEF11298E67AD00A436B8 /* Info.plist */ = {isa = PBXFileReference; lastKnownFileType = text.plist.xml; path = Info.plist; sourceTree = "<group>"; };
		072CEF18298E68C400A436B8 /* Poppins-Thin.ttf */ = {isa = PBXFileReference; lastKnownFileType = file; path = "Poppins-Thin.ttf"; sourceTree = "<group>"; };
		072CEF19298E68C400A436B8 /* Poppins-Medium.ttf */ = {isa = PBXFileReference; lastKnownFileType = file; path = "Poppins-Medium.ttf"; sourceTree = "<group>"; };
		072CEF1A298E68C400A436B8 /* Poppins-Italic.ttf */ = {isa = PBXFileReference; lastKnownFileType = file; path = "Poppins-Italic.ttf"; sourceTree = "<group>"; };
		072CEF1B298E68C400A436B8 /* Poppins-BlackItalic.ttf */ = {isa = PBXFileReference; lastKnownFileType = file; path = "Poppins-BlackItalic.ttf"; sourceTree = "<group>"; };
		072CEF1C298E68C400A436B8 /* Poppins-Bold.ttf */ = {isa = PBXFileReference; lastKnownFileType = file; path = "Poppins-Bold.ttf"; sourceTree = "<group>"; };
		072CEF1D298E68C400A436B8 /* Poppins-ExtraLight.ttf */ = {isa = PBXFileReference; lastKnownFileType = file; path = "Poppins-ExtraLight.ttf"; sourceTree = "<group>"; };
		072CEF1E298E68C400A436B8 /* Poppins-SemiBoldItalic.ttf */ = {isa = PBXFileReference; lastKnownFileType = file; path = "Poppins-SemiBoldItalic.ttf"; sourceTree = "<group>"; };
		072CEF1F298E68C400A436B8 /* Poppins-Black.ttf */ = {isa = PBXFileReference; lastKnownFileType = file; path = "Poppins-Black.ttf"; sourceTree = "<group>"; };
		072CEF20298E68C400A436B8 /* Poppins-Light.ttf */ = {isa = PBXFileReference; lastKnownFileType = file; path = "Poppins-Light.ttf"; sourceTree = "<group>"; };
		072CEF21298E68C400A436B8 /* Poppins-Regular.ttf */ = {isa = PBXFileReference; lastKnownFileType = file; path = "Poppins-Regular.ttf"; sourceTree = "<group>"; };
		072CEF22298E68C400A436B8 /* Poppins-ExtraLightItalic.ttf */ = {isa = PBXFileReference; lastKnownFileType = file; path = "Poppins-ExtraLightItalic.ttf"; sourceTree = "<group>"; };
		072CEF23298E68C400A436B8 /* Poppins-ThinItalic.ttf */ = {isa = PBXFileReference; lastKnownFileType = file; path = "Poppins-ThinItalic.ttf"; sourceTree = "<group>"; };
		072CEF24298E68C400A436B8 /* Poppins-ExtraBoldItalic.ttf */ = {isa = PBXFileReference; lastKnownFileType = file; path = "Poppins-ExtraBoldItalic.ttf"; sourceTree = "<group>"; };
		072CEF25298E68C400A436B8 /* Poppins-ExtraBold.ttf */ = {isa = PBXFileReference; lastKnownFileType = file; path = "Poppins-ExtraBold.ttf"; sourceTree = "<group>"; };
		072CEF26298E68C400A436B8 /* Poppins-SemiBold.ttf */ = {isa = PBXFileReference; lastKnownFileType = file; path = "Poppins-SemiBold.ttf"; sourceTree = "<group>"; };
		072CEF27298E68C400A436B8 /* Poppins-BoldItalic.ttf */ = {isa = PBXFileReference; lastKnownFileType = file; path = "Poppins-BoldItalic.ttf"; sourceTree = "<group>"; };
		072CEF28298E68C400A436B8 /* Poppins-MediumItalic.ttf */ = {isa = PBXFileReference; lastKnownFileType = file; path = "Poppins-MediumItalic.ttf"; sourceTree = "<group>"; };
		072CEF29298E68C400A436B8 /* Poppins-LightItalic.ttf */ = {isa = PBXFileReference; lastKnownFileType = file; path = "Poppins-LightItalic.ttf"; sourceTree = "<group>"; };
		072CEF3C298E68DD00A436B8 /* SUITitleText.swift */ = {isa = PBXFileReference; lastKnownFileType = sourcecode.swift; path = SUITitleText.swift; sourceTree = "<group>"; };
		072CEF41298F9E9500A436B8 /* TitleText.swift */ = {isa = PBXFileReference; lastKnownFileType = sourcecode.swift; path = TitleText.swift; sourceTree = "<group>"; };
		6951FD0729956365001CAFB5 /* BodyText.swift */ = {isa = PBXFileReference; lastKnownFileType = sourcecode.swift; path = BodyText.swift; sourceTree = "<group>"; };
		6951FD0B29956519001CAFB5 /* Color.swift */ = {isa = PBXFileReference; lastKnownFileType = sourcecode.swift; path = Color.swift; sourceTree = "<group>"; };
		6951FD0D299565A6001CAFB5 /* Font.swift */ = {isa = PBXFileReference; lastKnownFileType = sourcecode.swift; path = Font.swift; sourceTree = "<group>"; };
		6951FD1129956743001CAFB5 /* SUIBodyText.swift */ = {isa = PBXFileReference; lastKnownFileType = sourcecode.swift; path = SUIBodyText.swift; sourceTree = "<group>"; };
		6951FD172996D3A5001CAFB5 /* SubtitleText.swift */ = {isa = PBXFileReference; lastKnownFileType = sourcecode.swift; path = SubtitleText.swift; sourceTree = "<group>"; };
		6951FD1B299A66C2001CAFB5 /* SUISubtitleText.swift */ = {isa = PBXFileReference; lastKnownFileType = sourcecode.swift; path = SUISubtitleText.swift; sourceTree = "<group>"; };
		6951FD97299E6883001CAFB5 /* PillButton.swift */ = {isa = PBXFileReference; lastKnownFileType = sourcecode.swift; path = PillButton.swift; sourceTree = "<group>"; };
		6951FD9B299E821C001CAFB5 /* CancelButton.swift */ = {isa = PBXFileReference; lastKnownFileType = sourcecode.swift; path = CancelButton.swift; sourceTree = "<group>"; };
/* End PBXFileReference section */

/* Begin PBXFrameworksBuildPhase section */
		072CEEFD298E67AC00A436B8 /* Frameworks */ = {
			isa = PBXFrameworksBuildPhase;
			buildActionMask = 2147483647;
			files = (
			);
			runOnlyForDeploymentPostprocessing = 0;
		};
/* End PBXFrameworksBuildPhase section */

/* Begin PBXGroup section */
		072CEEF7298E67AC00A436B8 = {
			isa = PBXGroup;
			children = (
				072CEF02298E67AC00A436B8 /* AtomicDesign */,
				072CEF01298E67AC00A436B8 /* Products */,
			);
			sourceTree = "<group>";
		};
		072CEF01298E67AC00A436B8 /* Products */ = {
			isa = PBXGroup;
			children = (
				072CEF00298E67AC00A436B8 /* AtomicDesign.app */,
			);
			name = Products;
			sourceTree = "<group>";
		};
		072CEF02298E67AC00A436B8 /* AtomicDesign */ = {
			isa = PBXGroup;
			children = (
				6951FD0A299564FD001CAFB5 /* Constants */,
				072CEF45298FA10D00A436B8 /* UIKit */,
				072CEF44298FA0FF00A436B8 /* SwiftUI */,
				072CEF17298E67DC00A436B8 /* Fonts */,
				072CEF03298E67AC00A436B8 /* AppDelegate.swift */,
				072CEF05298E67AC00A436B8 /* SceneDelegate.swift */,
				072CEF07298E67AC00A436B8 /* ViewController.swift */,
				072CEF09298E67AC00A436B8 /* Main.storyboard */,
				072CEF0C298E67AD00A436B8 /* Assets.xcassets */,
				072CEF0E298E67AD00A436B8 /* LaunchScreen.storyboard */,
				072CEF11298E67AD00A436B8 /* Info.plist */,
			);
			path = AtomicDesign;
			sourceTree = "<group>";
		};
		072CEF17298E67DC00A436B8 /* Fonts */ = {
			isa = PBXGroup;
			children = (
				072CEF1F298E68C400A436B8 /* Poppins-Black.ttf */,
				072CEF1B298E68C400A436B8 /* Poppins-BlackItalic.ttf */,
				072CEF1C298E68C400A436B8 /* Poppins-Bold.ttf */,
				072CEF27298E68C400A436B8 /* Poppins-BoldItalic.ttf */,
				072CEF25298E68C400A436B8 /* Poppins-ExtraBold.ttf */,
				072CEF24298E68C400A436B8 /* Poppins-ExtraBoldItalic.ttf */,
				072CEF1D298E68C400A436B8 /* Poppins-ExtraLight.ttf */,
				072CEF22298E68C400A436B8 /* Poppins-ExtraLightItalic.ttf */,
				072CEF1A298E68C400A436B8 /* Poppins-Italic.ttf */,
				072CEF20298E68C400A436B8 /* Poppins-Light.ttf */,
				072CEF29298E68C400A436B8 /* Poppins-LightItalic.ttf */,
				072CEF19298E68C400A436B8 /* Poppins-Medium.ttf */,
				072CEF28298E68C400A436B8 /* Poppins-MediumItalic.ttf */,
				072CEF21298E68C400A436B8 /* Poppins-Regular.ttf */,
				072CEF26298E68C400A436B8 /* Poppins-SemiBold.ttf */,
				072CEF1E298E68C400A436B8 /* Poppins-SemiBoldItalic.ttf */,
				072CEF18298E68C400A436B8 /* Poppins-Thin.ttf */,
				072CEF23298E68C400A436B8 /* Poppins-ThinItalic.ttf */,
			);
			path = Fonts;
			sourceTree = "<group>";
		};
		072CEF3E298E69D600A436B8 /* Atoms */ = {
			isa = PBXGroup;
			children = (
				072CEF41298F9E9500A436B8 /* TitleText.swift */,
				6951FD0729956365001CAFB5 /* BodyText.swift */,
				6951FD97299E6883001CAFB5 /* PillButton.swift */,
				6951FD172996D3A5001CAFB5 /* SubtitleText.swift */,
				6951FD9B299E821C001CAFB5 /* CancelButton.swift */,
			);
			path = Atoms;
			sourceTree = "<group>";
		};
		072CEF44298FA0FF00A436B8 /* SwiftUI */ = {
			isa = PBXGroup;
			children = (
				072CEF46298FA11E00A436B8 /* Atoms */,
			);
			path = SwiftUI;
			sourceTree = "<group>";
		};
		072CEF45298FA10D00A436B8 /* UIKit */ = {
			isa = PBXGroup;
			children = (
				072CEF3E298E69D600A436B8 /* Atoms */,
			);
			path = UIKit;
			sourceTree = "<group>";
		};
		072CEF46298FA11E00A436B8 /* Atoms */ = {
			isa = PBXGroup;
			children = (
				072CEF3C298E68DD00A436B8 /* SUITitleText.swift */,
				6951FD1129956743001CAFB5 /* SUIBodyText.swift */,
				6951FD1B299A66C2001CAFB5 /* SUISubtitleText.swift */,
			);
			path = Atoms;
			sourceTree = "<group>";
		};
		6951FD0A299564FD001CAFB5 /* Constants */ = {
			isa = PBXGroup;
			children = (
				6951FD0B29956519001CAFB5 /* Color.swift */,
				6951FD0D299565A6001CAFB5 /* Font.swift */,
			);
			path = Constants;
			sourceTree = "<group>";
		};
/* End PBXGroup section */

/* Begin PBXNativeTarget section */
		072CEEFF298E67AC00A436B8 /* AtomicDesign */ = {
			isa = PBXNativeTarget;
			buildConfigurationList = 072CEF14298E67AD00A436B8 /* Build configuration list for PBXNativeTarget "AtomicDesign" */;
			buildPhases = (
				072CEEFC298E67AC00A436B8 /* Sources */,
				072CEEFD298E67AC00A436B8 /* Frameworks */,
				072CEEFE298E67AC00A436B8 /* Resources */,
			);
			buildRules = (
			);
			dependencies = (
			);
			name = AtomicDesign;
			productName = AtomicDesign;
			productReference = 072CEF00298E67AC00A436B8 /* AtomicDesign.app */;
			productType = "com.apple.product-type.application";
		};
/* End PBXNativeTarget section */

/* Begin PBXProject section */
		072CEEF8298E67AC00A436B8 /* Project object */ = {
			isa = PBXProject;
			attributes = {
				BuildIndependentTargetsInParallel = 1;
				LastSwiftUpdateCheck = 1420;
				LastUpgradeCheck = 1420;
				TargetAttributes = {
					072CEEFF298E67AC00A436B8 = {
						CreatedOnToolsVersion = 14.2;
					};
				};
			};
			buildConfigurationList = 072CEEFB298E67AC00A436B8 /* Build configuration list for PBXProject "AtomicDesign" */;
			compatibilityVersion = "Xcode 14.0";
			developmentRegion = en;
			hasScannedForEncodings = 0;
			knownRegions = (
				en,
				Base,
			);
			mainGroup = 072CEEF7298E67AC00A436B8;
			productRefGroup = 072CEF01298E67AC00A436B8 /* Products */;
			projectDirPath = "";
			projectRoot = "";
			targets = (
				072CEEFF298E67AC00A436B8 /* AtomicDesign */,
			);
		};
/* End PBXProject section */

/* Begin PBXResourcesBuildPhase section */
		072CEEFE298E67AC00A436B8 /* Resources */ = {
			isa = PBXResourcesBuildPhase;
			buildActionMask = 2147483647;
			files = (
				072CEF2C298E68C400A436B8 /* Poppins-Italic.ttf in Resources */,
				072CEF2D298E68C400A436B8 /* Poppins-BlackItalic.ttf in Resources */,
				072CEF33298E68C400A436B8 /* Poppins-Regular.ttf in Resources */,
				072CEF10298E67AD00A436B8 /* LaunchScreen.storyboard in Resources */,
				072CEF39298E68C400A436B8 /* Poppins-BoldItalic.ttf in Resources */,
				072CEF2F298E68C400A436B8 /* Poppins-ExtraLight.ttf in Resources */,
				072CEF2E298E68C400A436B8 /* Poppins-Bold.ttf in Resources */,
				072CEF30298E68C400A436B8 /* Poppins-SemiBoldItalic.ttf in Resources */,
				072CEF2A298E68C400A436B8 /* Poppins-Thin.ttf in Resources */,
				072CEF3A298E68C400A436B8 /* Poppins-MediumItalic.ttf in Resources */,
				072CEF36298E68C400A436B8 /* Poppins-ExtraBoldItalic.ttf in Resources */,
				072CEF34298E68C400A436B8 /* Poppins-ExtraLightItalic.ttf in Resources */,
				072CEF32298E68C400A436B8 /* Poppins-Light.ttf in Resources */,
				072CEF0D298E67AD00A436B8 /* Assets.xcassets in Resources */,
				072CEF31298E68C400A436B8 /* Poppins-Black.ttf in Resources */,
				072CEF35298E68C400A436B8 /* Poppins-ThinItalic.ttf in Resources */,
				072CEF3B298E68C400A436B8 /* Poppins-LightItalic.ttf in Resources */,
				072CEF37298E68C400A436B8 /* Poppins-ExtraBold.ttf in Resources */,
				072CEF38298E68C400A436B8 /* Poppins-SemiBold.ttf in Resources */,
				072CEF0B298E67AC00A436B8 /* Main.storyboard in Resources */,
				072CEF2B298E68C400A436B8 /* Poppins-Medium.ttf in Resources */,
			);
			runOnlyForDeploymentPostprocessing = 0;
		};
/* End PBXResourcesBuildPhase section */

/* Begin PBXSourcesBuildPhase section */
		072CEEFC298E67AC00A436B8 /* Sources */ = {
			isa = PBXSourcesBuildPhase;
			buildActionMask = 2147483647;
			files = (
				6951FD98299E6883001CAFB5 /* PillButton.swift in Sources */,
				6951FD182996D3A5001CAFB5 /* SubtitleText.swift in Sources */,
				6951FD0829956365001CAFB5 /* BodyText.swift in Sources */,
				6951FD1229956743001CAFB5 /* SUIBodyText.swift in Sources */,
				6951FD9C299E821C001CAFB5 /* CancelButton.swift in Sources */,
				072CEF08298E67AC00A436B8 /* ViewController.swift in Sources */,
				6951FD0C29956519001CAFB5 /* Color.swift in Sources */,
				072CEF04298E67AC00A436B8 /* AppDelegate.swift in Sources */,
				6951FD0E299565A6001CAFB5 /* Font.swift in Sources */,
				072CEF3D298E68DD00A436B8 /* SUITitleText.swift in Sources */,
				072CEF06298E67AC00A436B8 /* SceneDelegate.swift in Sources */,
				072CEF42298F9E9500A436B8 /* TitleText.swift in Sources */,
				6951FD1C299A66C2001CAFB5 /* SUISubtitleText.swift in Sources */,
			);
			runOnlyForDeploymentPostprocessing = 0;
		};
/* End PBXSourcesBuildPhase section */

/* Begin PBXVariantGroup section */
		072CEF09298E67AC00A436B8 /* Main.storyboard */ = {
			isa = PBXVariantGroup;
			children = (
				072CEF0A298E67AC00A436B8 /* Base */,
			);
			name = Main.storyboard;
			sourceTree = "<group>";
		};
		072CEF0E298E67AD00A436B8 /* LaunchScreen.storyboard */ = {
			isa = PBXVariantGroup;
			children = (
				072CEF0F298E67AD00A436B8 /* Base */,
			);
			name = LaunchScreen.storyboard;
			sourceTree = "<group>";
		};
/* End PBXVariantGroup section */

/* Begin XCBuildConfiguration section */
		072CEF12298E67AD00A436B8 /* Debug */ = {
			isa = XCBuildConfiguration;
			buildSettings = {
				ALWAYS_SEARCH_USER_PATHS = NO;
				CLANG_ANALYZER_NONNULL = YES;
				CLANG_ANALYZER_NUMBER_OBJECT_CONVERSION = YES_AGGRESSIVE;
				CLANG_CXX_LANGUAGE_STANDARD = "gnu++20";
				CLANG_ENABLE_MODULES = YES;
				CLANG_ENABLE_OBJC_ARC = YES;
				CLANG_ENABLE_OBJC_WEAK = YES;
				CLANG_WARN_BLOCK_CAPTURE_AUTORELEASING = YES;
				CLANG_WARN_BOOL_CONVERSION = YES;
				CLANG_WARN_COMMA = YES;
				CLANG_WARN_CONSTANT_CONVERSION = YES;
				CLANG_WARN_DEPRECATED_OBJC_IMPLEMENTATIONS = YES;
				CLANG_WARN_DIRECT_OBJC_ISA_USAGE = YES_ERROR;
				CLANG_WARN_DOCUMENTATION_COMMENTS = YES;
				CLANG_WARN_EMPTY_BODY = YES;
				CLANG_WARN_ENUM_CONVERSION = YES;
				CLANG_WARN_INFINITE_RECURSION = YES;
				CLANG_WARN_INT_CONVERSION = YES;
				CLANG_WARN_NON_LITERAL_NULL_CONVERSION = YES;
				CLANG_WARN_OBJC_IMPLICIT_RETAIN_SELF = YES;
				CLANG_WARN_OBJC_LITERAL_CONVERSION = YES;
				CLANG_WARN_OBJC_ROOT_CLASS = YES_ERROR;
				CLANG_WARN_QUOTED_INCLUDE_IN_FRAMEWORK_HEADER = YES;
				CLANG_WARN_RANGE_LOOP_ANALYSIS = YES;
				CLANG_WARN_STRICT_PROTOTYPES = YES;
				CLANG_WARN_SUSPICIOUS_MOVE = YES;
				CLANG_WARN_UNGUARDED_AVAILABILITY = YES_AGGRESSIVE;
				CLANG_WARN_UNREACHABLE_CODE = YES;
				CLANG_WARN__DUPLICATE_METHOD_MATCH = YES;
				COPY_PHASE_STRIP = NO;
				DEBUG_INFORMATION_FORMAT = dwarf;
				ENABLE_STRICT_OBJC_MSGSEND = YES;
				ENABLE_TESTABILITY = YES;
				GCC_C_LANGUAGE_STANDARD = gnu11;
				GCC_DYNAMIC_NO_PIC = NO;
				GCC_NO_COMMON_BLOCKS = YES;
				GCC_OPTIMIZATION_LEVEL = 0;
				GCC_PREPROCESSOR_DEFINITIONS = (
					"DEBUG=1",
					"$(inherited)",
				);
				GCC_WARN_64_TO_32_BIT_CONVERSION = YES;
				GCC_WARN_ABOUT_RETURN_TYPE = YES_ERROR;
				GCC_WARN_UNDECLARED_SELECTOR = YES;
				GCC_WARN_UNINITIALIZED_AUTOS = YES_AGGRESSIVE;
				GCC_WARN_UNUSED_FUNCTION = YES;
				GCC_WARN_UNUSED_VARIABLE = YES;
				IPHONEOS_DEPLOYMENT_TARGET = 15.0;
				MTL_ENABLE_DEBUG_INFO = INCLUDE_SOURCE;
				MTL_FAST_MATH = YES;
				ONLY_ACTIVE_ARCH = YES;
				SDKROOT = iphoneos;
				SWIFT_ACTIVE_COMPILATION_CONDITIONS = DEBUG;
				SWIFT_OPTIMIZATION_LEVEL = "-Onone";
			};
			name = Debug;
		};
		072CEF13298E67AD00A436B8 /* Release */ = {
			isa = XCBuildConfiguration;
			buildSettings = {
				ALWAYS_SEARCH_USER_PATHS = NO;
				CLANG_ANALYZER_NONNULL = YES;
				CLANG_ANALYZER_NUMBER_OBJECT_CONVERSION = YES_AGGRESSIVE;
				CLANG_CXX_LANGUAGE_STANDARD = "gnu++20";
				CLANG_ENABLE_MODULES = YES;
				CLANG_ENABLE_OBJC_ARC = YES;
				CLANG_ENABLE_OBJC_WEAK = YES;
				CLANG_WARN_BLOCK_CAPTURE_AUTORELEASING = YES;
				CLANG_WARN_BOOL_CONVERSION = YES;
				CLANG_WARN_COMMA = YES;
				CLANG_WARN_CONSTANT_CONVERSION = YES;
				CLANG_WARN_DEPRECATED_OBJC_IMPLEMENTATIONS = YES;
				CLANG_WARN_DIRECT_OBJC_ISA_USAGE = YES_ERROR;
				CLANG_WARN_DOCUMENTATION_COMMENTS = YES;
				CLANG_WARN_EMPTY_BODY = YES;
				CLANG_WARN_ENUM_CONVERSION = YES;
				CLANG_WARN_INFINITE_RECURSION = YES;
				CLANG_WARN_INT_CONVERSION = YES;
				CLANG_WARN_NON_LITERAL_NULL_CONVERSION = YES;
				CLANG_WARN_OBJC_IMPLICIT_RETAIN_SELF = YES;
				CLANG_WARN_OBJC_LITERAL_CONVERSION = YES;
				CLANG_WARN_OBJC_ROOT_CLASS = YES_ERROR;
				CLANG_WARN_QUOTED_INCLUDE_IN_FRAMEWORK_HEADER = YES;
				CLANG_WARN_RANGE_LOOP_ANALYSIS = YES;
				CLANG_WARN_STRICT_PROTOTYPES = YES;
				CLANG_WARN_SUSPICIOUS_MOVE = YES;
				CLANG_WARN_UNGUARDED_AVAILABILITY = YES_AGGRESSIVE;
				CLANG_WARN_UNREACHABLE_CODE = YES;
				CLANG_WARN__DUPLICATE_METHOD_MATCH = YES;
				COPY_PHASE_STRIP = NO;
				DEBUG_INFORMATION_FORMAT = "dwarf-with-dsym";
				ENABLE_NS_ASSERTIONS = NO;
				ENABLE_STRICT_OBJC_MSGSEND = YES;
				GCC_C_LANGUAGE_STANDARD = gnu11;
				GCC_NO_COMMON_BLOCKS = YES;
				GCC_WARN_64_TO_32_BIT_CONVERSION = YES;
				GCC_WARN_ABOUT_RETURN_TYPE = YES_ERROR;
				GCC_WARN_UNDECLARED_SELECTOR = YES;
				GCC_WARN_UNINITIALIZED_AUTOS = YES_AGGRESSIVE;
				GCC_WARN_UNUSED_FUNCTION = YES;
				GCC_WARN_UNUSED_VARIABLE = YES;
				IPHONEOS_DEPLOYMENT_TARGET = 15.0;
				MTL_ENABLE_DEBUG_INFO = NO;
				MTL_FAST_MATH = YES;
				SDKROOT = iphoneos;
				SWIFT_COMPILATION_MODE = wholemodule;
				SWIFT_OPTIMIZATION_LEVEL = "-O";
				VALIDATE_PRODUCT = YES;
			};
			name = Release;
		};
		072CEF15298E67AD00A436B8 /* Debug */ = {
			isa = XCBuildConfiguration;
			buildSettings = {
				ASSETCATALOG_COMPILER_APPICON_NAME = AppIcon;
				ASSETCATALOG_COMPILER_GLOBAL_ACCENT_COLOR_NAME = AccentColor;
				CODE_SIGN_STYLE = Automatic;
				CURRENT_PROJECT_VERSION = 1;
				DEVELOPMENT_TEAM = 4L2AM9VULB;
				GENERATE_INFOPLIST_FILE = YES;
				INFOPLIST_FILE = AtomicDesign/Info.plist;
				INFOPLIST_KEY_UIApplicationSupportsIndirectInputEvents = YES;
				INFOPLIST_KEY_UILaunchStoryboardName = LaunchScreen;
				INFOPLIST_KEY_UIMainStoryboardFile = Main;
				INFOPLIST_KEY_UISupportedInterfaceOrientations_iPad = "UIInterfaceOrientationPortrait UIInterfaceOrientationPortraitUpsideDown UIInterfaceOrientationLandscapeLeft UIInterfaceOrientationLandscapeRight";
				INFOPLIST_KEY_UISupportedInterfaceOrientations_iPhone = "UIInterfaceOrientationPortrait UIInterfaceOrientationLandscapeLeft UIInterfaceOrientationLandscapeRight";
				LD_RUNPATH_SEARCH_PATHS = (
					"$(inherited)",
					"@executable_path/Frameworks",
				);
				MARKETING_VERSION = 1.0;
				PRODUCT_BUNDLE_IDENTIFIER = com.designbyheart.course.AtomicDesign;
				PRODUCT_NAME = "$(TARGET_NAME)";
				SWIFT_EMIT_LOC_STRINGS = YES;
				SWIFT_VERSION = 5.0;
				TARGETED_DEVICE_FAMILY = "1,2";
			};
			name = Debug;
		};
		072CEF16298E67AD00A436B8 /* Release */ = {
			isa = XCBuildConfiguration;
			buildSettings = {
				ASSETCATALOG_COMPILER_APPICON_NAME = AppIcon;
				ASSETCATALOG_COMPILER_GLOBAL_ACCENT_COLOR_NAME = AccentColor;
				CODE_SIGN_STYLE = Automatic;
				CURRENT_PROJECT_VERSION = 1;
				DEVELOPMENT_TEAM = 4L2AM9VULB;
				GENERATE_INFOPLIST_FILE = YES;
				INFOPLIST_FILE = AtomicDesign/Info.plist;
				INFOPLIST_KEY_UIApplicationSupportsIndirectInputEvents = YES;
				INFOPLIST_KEY_UILaunchStoryboardName = LaunchScreen;
				INFOPLIST_KEY_UIMainStoryboardFile = Main;
				INFOPLIST_KEY_UISupportedInterfaceOrientations_iPad = "UIInterfaceOrientationPortrait UIInterfaceOrientationPortraitUpsideDown UIInterfaceOrientationLandscapeLeft UIInterfaceOrientationLandscapeRight";
				INFOPLIST_KEY_UISupportedInterfaceOrientations_iPhone = "UIInterfaceOrientationPortrait UIInterfaceOrientationLandscapeLeft UIInterfaceOrientationLandscapeRight";
				LD_RUNPATH_SEARCH_PATHS = (
					"$(inherited)",
					"@executable_path/Frameworks",
				);
				MARKETING_VERSION = 1.0;
				PRODUCT_BUNDLE_IDENTIFIER = com.designbyheart.course.AtomicDesign;
				PRODUCT_NAME = "$(TARGET_NAME)";
				SWIFT_EMIT_LOC_STRINGS = YES;
				SWIFT_VERSION = 5.0;
				TARGETED_DEVICE_FAMILY = "1,2";
			};
			name = Release;
		};
/* End XCBuildConfiguration section */

/* Begin XCConfigurationList section */
		072CEEFB298E67AC00A436B8 /* Build configuration list for PBXProject "AtomicDesign" */ = {
			isa = XCConfigurationList;
			buildConfigurations = (
				072CEF12298E67AD00A436B8 /* Debug */,
				072CEF13298E67AD00A436B8 /* Release */,
			);
			defaultConfigurationIsVisible = 0;
			defaultConfigurationName = Release;
		};
		072CEF14298E67AD00A436B8 /* Build configuration list for PBXNativeTarget "AtomicDesign" */ = {
			isa = XCConfigurationList;
			buildConfigurations = (
				072CEF15298E67AD00A436B8 /* Debug */,
				072CEF16298E67AD00A436B8 /* Release */,
			);
			defaultConfigurationIsVisible = 0;
			defaultConfigurationName = Release;
		};
/* End XCConfigurationList section */
	};
	rootObject = 072CEEF8298E67AC00A436B8 /* Project object */;
}
